
Microsoft Visual Studio Solution File, Format Version 12.00
# Visual Studio 15
Project("{FAE04EC0-301F-11D3-BF4B-00C04F79EFBC}") = "UnityEngine.UI", "UnityEngine.UI.csproj", "{CB33D067-649B-C3B7-4E50-FC1A3929153D}"
EndProject
Project("{FAE04EC0-301F-11D3-BF4B-00C04F79EFBC}") = "UnityEngine.TestRunner", "UnityEngine.TestRunner.csproj", "{9F1FCFC7-4C96-D7B4-CAEC-6867696B4DEA}"
EndProject
Project("{FAE04EC0-301F-11D3-BF4B-00C04F79EFBC}") = "Assembly-CSharp", "Assembly-CSharp.csproj", "{D872C103-AA76-436E-80E7-1564DB477879}"
EndProject
Project("{FAE04EC0-301F-11D3-BF4B-00C04F79EFBC}") = "Unity.2D.Animation.Triangle.Runtime", "Unity.2D.Animation.Triangle.Runtime.csproj", "{5BF33AEC-767A-9A5E-77CF-4C9BE05482A0}"
EndProject
Project("{FAE04EC0-301F-11D3-BF4B-00C04F79EFBC}") = "Unity.TextMeshPro", "Unity.TextMeshPro.csproj", "{82732978-70F0-4F83-7FE3-D9E029AE3C9F}"
EndProject
Project("{FAE04EC0-301F-11D3-BF4B-00C04F79EFBC}") = "Unity.2D.Animation.Runtime", "Unity.2D.Animation.Runtime.csproj", "{372EA76E-E4C3-753D-9E9B-55E7E512C94D}"
EndProject
Project("{FAE04EC0-301F-11D3-BF4B-00C04F79EFBC}") = "Unity.Timeline", "Unity.Timeline.csproj", "{F7DF1340-34C2-4859-54E6-FEEF4E18D1F4}"
EndProject
Project("{FAE04EC0-301F-11D3-BF4B-00C04F79EFBC}") = "Unity.Mathematics", "Unity.Mathematics.csproj", "{AE99603E-E8CA-679F-2E8C-638EA06A8E83}"
EndProject
Project("{FAE04EC0-301F-11D3-BF4B-00C04F79EFBC}") = "Unity.2D.SpriteShape.Runtime", "Unity.2D.SpriteShape.Runtime.csproj", "{56503551-0198-F59B-9A49-89A5B6167523}"
EndProject
Project("{FAE04EC0-301F-11D3-BF4B-00C04F79EFBC}") = "UnityEngine.Advertisements", "UnityEngine.Advertisements.csproj", "{3EE76176-AF9C-9E16-9EA7-CDC767F9B031}"
EndProject
Project("{FAE04EC0-301F-11D3-BF4B-00C04F79EFBC}") = "UnityEngine.Monetization", "UnityEngine.Monetization.csproj", "{5F41AAD9-0B42-4093-8E81-296E542D9E1F}"
EndProject
Project("{FAE04EC0-301F-11D3-BF4B-00C04F79EFBC}") = "Assembly-CSharp-firstpass", "Assembly-CSharp-firstpass.csproj", "{1567F337-497A-B9FC-09A1-34596206F85A}"
EndProject
Project("{FAE04EC0-301F-11D3-BF4B-00C04F79EFBC}") = "Unity.2D.PixelPerfect", "Unity.2D.PixelPerfect.csproj", "{00AEFA72-4376-9C8D-712A-9F286E6B13DD}"
EndProject
Project("{FAE04EC0-301F-11D3-BF4B-00C04F79EFBC}") = "Unity.InternalAPIEngineBridge.001", "Unity.InternalAPIEngineBridge.001.csproj", "{60991C01-5C12-8E7F-DD79-6CD462BC5EF0}"
EndProject
Project("{FAE04EC0-301F-11D3-BF4B-00C04F79EFBC}") = "Unity.2D.Common.Runtime", "Unity.2D.Common.Runtime.csproj", "{348E0A67-8750-F3DD-4FA8-6FD308F4724D}"
EndProject
Project("{FAE04EC0-301F-11D3-BF4B-00C04F79EFBC}") = "UnityEditor.TestRunner", "UnityEditor.TestRunner.csproj", "{E293C815-8779-8AE3-A68C-1A0E1B582FE7}"
EndProject
Project("{FAE04EC0-301F-11D3-BF4B-00C04F79EFBC}") = "Unity.TextMeshPro.Editor", "Unity.TextMeshPro.Editor.csproj", "{5667046A-63E3-1BFA-7583-C02FFAA3A80E}"
EndProject
Project("{FAE04EC0-301F-11D3-BF4B-00C04F79EFBC}") = "Unity.Timeline.Editor", "Unity.Timeline.Editor.csproj", "{43C3166B-7D51-2383-604A-B3C4F370DE51}"
EndProject
Project("{FAE04EC0-301F-11D3-BF4B-00C04F79EFBC}") = "Unity.CollabProxy.Editor", "Unity.CollabProxy.Editor.csproj", "{ADFDA09A-43B2-8771-F7D8-2126FC33FAFF}"
EndProject
Project("{FAE04EC0-301F-11D3-BF4B-00C04F79EFBC}") = "Unity.2D.Animation.Editor", "Unity.2D.Animation.Editor.csproj", "{66F0094B-4490-9F55-A779-BCB888742502}"
EndProject
Project("{FAE04EC0-301F-11D3-BF4B-00C04F79EFBC}") = "Unity.2D.Path.Editor", "Unity.2D.Path.Editor.csproj", "{2E7BDDD3-277A-40BC-E025-0FCCF8B5219D}"
EndProject
Project("{FAE04EC0-301F-11D3-BF4B-00C04F79EFBC}") = "Unity.2D.Sprite.Editor", "Unity.2D.Sprite.Editor.csproj", "{8534B024-B081-9093-D738-1ADBA35F1008}"
EndProject
Project("{FAE04EC0-301F-11D3-BF4B-00C04F79EFBC}") = "UnityEditor.UI", "UnityEditor.UI.csproj", "{10A1410C-E2FA-E094-48B3-C9C6F057C584}"
EndProject
Project("{FAE04EC0-301F-11D3-BF4B-00C04F79EFBC}") = "Unity.Rider.Editor", "Unity.Rider.Editor.csproj", "{FD4A8444-A1E3-AEFC-5794-701E905F5321}"
EndProject
Project("{FAE04EC0-301F-11D3-BF4B-00C04F79EFBC}") = "Unity.2D.Tilemap.Editor", "Unity.2D.Tilemap.Editor.csproj", "{E8791EB0-63D9-93F2-0846-80490C35C1F6}"
EndProject
Project("{FAE04EC0-301F-11D3-BF4B-00C04F79EFBC}") = "Unity.VisualStudio.Editor", "Unity.VisualStudio.Editor.csproj", "{EEEEF08F-58BA-99D8-6485-32845CFE0BFD}"
EndProject
Project("{FAE04EC0-301F-11D3-BF4B-00C04F79EFBC}") = "UnityEngine.Advertisements.Editor", "UnityEngine.Advertisements.Editor.csproj", "{ACDED120-FF40-FC78-1646-48BE6AEBBF88}"
EndProject
Project("{FAE04EC0-301F-11D3-BF4B-00C04F79EFBC}") = "Unity.2D.SpriteShape.Editor", "Unity.2D.SpriteShape.Editor.csproj", "{D159D3D4-62E9-6D48-F151-F4F1C15931F9}"
EndProject
Project("{FAE04EC0-301F-11D3-BF4B-00C04F79EFBC}") = "PsdPlugin", "PsdPlugin.csproj", "{94C5AD67-7680-09F5-8B7C-1420ED19F363}"
EndProject
Project("{FAE04EC0-301F-11D3-BF4B-00C04F79EFBC}") = "Unity.2D.Common.Editor", "Unity.2D.Common.Editor.csproj", "{3BDAD41A-6BEA-7556-74D7-22C4A1E0E545}"
EndProject
Project("{FAE04EC0-301F-11D3-BF4B-00C04F79EFBC}") = "Unity.VSCode.Editor", "Unity.VSCode.Editor.csproj", "{561E4ADA-D728-183A-43C8-240E9CC13270}"
EndProject
Project("{FAE04EC0-301F-11D3-BF4B-00C04F79EFBC}") = "Unity.2D.Psdimporter.Editor", "Unity.2D.Psdimporter.Editor.csproj", "{673FB79F-3818-3324-DD7B-638CE6ED5AA4}"
EndProject
Project("{FAE04EC0-301F-11D3-BF4B-00C04F79EFBC}") = "Unity.2D.PixelPerfect.Editor", "Unity.2D.PixelPerfect.Editor.csproj", "{E54EE3C2-9BAF-0583-F6C5-DCE5AFA059C8}"
EndProject
Project("{FAE04EC0-301F-11D3-BF4B-00C04F79EFBC}") = "Unity.Mathematics.Editor", "Unity.Mathematics.Editor.csproj", "{BAF4E8BD-0B1F-CF7F-DD10-D3ABAFF1F27C}"
EndProject
Project("{FAE04EC0-301F-11D3-BF4B-00C04F79EFBC}") = "Unity.InternalAPIEditorBridge.001", "Unity.InternalAPIEditorBridge.001.csproj", "{2C673C44-C2DD-3373-EEA9-43D7B8CA94E6}"
EndProject
Project("{FAE04EC0-301F-11D3-BF4B-00C04F79EFBC}") = "UnityEngine.UI", "UnityEngine.UI.Player.csproj", "{607366B9-0D84-1EC7-5793-0360135A1054}"
EndProject
Project("{FAE04EC0-301F-11D3-BF4B-00C04F79EFBC}") = "UnityEngine.TestRunner", "UnityEngine.TestRunner.Player.csproj", "{E3A11513-0DB7-D1D4-00F2-C2F12689DA1D}"
EndProject
Project("{FAE04EC0-301F-11D3-BF4B-00C04F79EFBC}") = "Assembly-CSharp", "Assembly-CSharp.Player.csproj", "{49D019BF-3AE0-577E-5694-8FAE8BCFB0F3}"
EndProject
Project("{FAE04EC0-301F-11D3-BF4B-00C04F79EFBC}") = "Unity.2D.Animation.Triangle.Runtime", "Unity.2D.Animation.Triangle.Runtime.Player.csproj", "{5E210439-E4E6-EC76-E203-57987A27935A}"
EndProject
Project("{FAE04EC0-301F-11D3-BF4B-00C04F79EFBC}") = "Unity.TextMeshPro", "Unity.TextMeshPro.Player.csproj", "{D9739DC2-8A48-7A2E-A0DD-044D383D55E3}"
EndProject
Project("{FAE04EC0-301F-11D3-BF4B-00C04F79EFBC}") = "Unity.2D.Animation.Runtime", "Unity.2D.Animation.Runtime.Player.csproj", "{7E1C2EBA-1411-A3A8-E5DD-2873EB6267F8}"
EndProject
Project("{FAE04EC0-301F-11D3-BF4B-00C04F79EFBC}") = "Unity.Timeline", "Unity.Timeline.Player.csproj", "{33F15783-29A2-532C-606E-FA22985C710A}"
EndProject
Project("{FAE04EC0-301F-11D3-BF4B-00C04F79EFBC}") = "Unity.Mathematics", "Unity.Mathematics.Player.csproj", "{EB43E424-63D1-9127-B90F-268F18B1348F}"
EndProject
Project("{FAE04EC0-301F-11D3-BF4B-00C04F79EFBC}") = "Unity.2D.SpriteShape.Runtime", "Unity.2D.SpriteShape.Runtime.Player.csproj", "{536C5BDC-D7AE-81D5-E991-725F5B8CE4DE}"
EndProject
Project("{FAE04EC0-301F-11D3-BF4B-00C04F79EFBC}") = "UnityEngine.Advertisements", "UnityEngine.Advertisements.Player.csproj", "{16E44B3A-F782-9926-442C-C181797A38E1}"
EndProject
Project("{FAE04EC0-301F-11D3-BF4B-00C04F79EFBC}") = "UnityEngine.Monetization", "UnityEngine.Monetization.Player.csproj", "{695BA1F8-32E4-641C-D0A0-540BDE4EB26F}"
EndProject
Project("{FAE04EC0-301F-11D3-BF4B-00C04F79EFBC}") = "Assembly-CSharp-firstpass", "Assembly-CSharp-firstpass.Player.csproj", "{2F80FEE1-B401-1B14-D686-785077AADA07}"
EndProject
Project("{FAE04EC0-301F-11D3-BF4B-00C04F79EFBC}") = "Unity.2D.PixelPerfect", "Unity.2D.PixelPerfect.Player.csproj", "{951CFA81-0B2E-1023-3BD2-B6D1633F7701}"
EndProject
Project("{FAE04EC0-301F-11D3-BF4B-00C04F79EFBC}") = "Unity.InternalAPIEngineBridge.001", "Unity.InternalAPIEngineBridge.001.Player.csproj", "{9CC42B6C-FCD3-13CC-FC50-7EE7295A94F5}"
EndProject
Project("{FAE04EC0-301F-11D3-BF4B-00C04F79EFBC}") = "Unity.2D.Common.Runtime", "Unity.2D.Common.Runtime.Player.csproj", "{9CFCA23C-2FC0-5F2F-6A0D-235B7F8EE98F}"
EndProject
Global
	GlobalSection(SolutionConfigurationPlatforms) = preSolution
		Debug|Any CPU = Debug|Any CPU
		Release|Any CPU = Release|Any CPU
	EndGlobalSection
	GlobalSection(ProjectConfigurationPlatforms) = postSolution
		{CB33D067-649B-C3B7-4E50-FC1A3929153D}.Debug|Any CPU.ActiveCfg = Debug|Any CPU
		{CB33D067-649B-C3B7-4E50-FC1A3929153D}.Debug|Any CPU.Build.0 = Debug|Any CPU
		{CB33D067-649B-C3B7-4E50-FC1A3929153D}.Release|Any CPU.ActiveCfg = Release|Any CPU
		{CB33D067-649B-C3B7-4E50-FC1A3929153D}.Release|Any CPU.Build.0 = Release|Any CPU
		{9F1FCFC7-4C96-D7B4-CAEC-6867696B4DEA}.Debug|Any CPU.ActiveCfg = Debug|Any CPU
		{9F1FCFC7-4C96-D7B4-CAEC-6867696B4DEA}.Debug|Any CPU.Build.0 = Debug|Any CPU
		{9F1FCFC7-4C96-D7B4-CAEC-6867696B4DEA}.Release|Any CPU.ActiveCfg = Release|Any CPU
		{9F1FCFC7-4C96-D7B4-CAEC-6867696B4DEA}.Release|Any CPU.Build.0 = Release|Any CPU
		{D872C103-AA76-436E-80E7-1564DB477879}.Debug|Any CPU.ActiveCfg = Debug|Any CPU
		{D872C103-AA76-436E-80E7-1564DB477879}.Debug|Any CPU.Build.0 = Debug|Any CPU
		{D872C103-AA76-436E-80E7-1564DB477879}.Release|Any CPU.ActiveCfg = Release|Any CPU
		{D872C103-AA76-436E-80E7-1564DB477879}.Release|Any CPU.Build.0 = Release|Any CPU
		{5BF33AEC-767A-9A5E-77CF-4C9BE05482A0}.Debug|Any CPU.ActiveCfg = Debug|Any CPU
		{5BF33AEC-767A-9A5E-77CF-4C9BE05482A0}.Debug|Any CPU.Build.0 = Debug|Any CPU
		{5BF33AEC-767A-9A5E-77CF-4C9BE05482A0}.Release|Any CPU.ActiveCfg = Release|Any CPU
		{5BF33AEC-767A-9A5E-77CF-4C9BE05482A0}.Release|Any CPU.Build.0 = Release|Any CPU
		{82732978-70F0-4F83-7FE3-D9E029AE3C9F}.Debug|Any CPU.ActiveCfg = Debug|Any CPU
		{82732978-70F0-4F83-7FE3-D9E029AE3C9F}.Debug|Any CPU.Build.0 = Debug|Any CPU
		{82732978-70F0-4F83-7FE3-D9E029AE3C9F}.Release|Any CPU.ActiveCfg = Release|Any CPU
		{82732978-70F0-4F83-7FE3-D9E029AE3C9F}.Release|Any CPU.Build.0 = Release|Any CPU
		{372EA76E-E4C3-753D-9E9B-55E7E512C94D}.Debug|Any CPU.ActiveCfg = Debug|Any CPU
		{372EA76E-E4C3-753D-9E9B-55E7E512C94D}.Debug|Any CPU.Build.0 = Debug|Any CPU
		{372EA76E-E4C3-753D-9E9B-55E7E512C94D}.Release|Any CPU.ActiveCfg = Release|Any CPU
		{372EA76E-E4C3-753D-9E9B-55E7E512C94D}.Release|Any CPU.Build.0 = Release|Any CPU
		{F7DF1340-34C2-4859-54E6-FEEF4E18D1F4}.Debug|Any CPU.ActiveCfg = Debug|Any CPU
		{F7DF1340-34C2-4859-54E6-FEEF4E18D1F4}.Debug|Any CPU.Build.0 = Debug|Any CPU
		{F7DF1340-34C2-4859-54E6-FEEF4E18D1F4}.Release|Any CPU.ActiveCfg = Release|Any CPU
		{F7DF1340-34C2-4859-54E6-FEEF4E18D1F4}.Release|Any CPU.Build.0 = Release|Any CPU
		{AE99603E-E8CA-679F-2E8C-638EA06A8E83}.Debug|Any CPU.ActiveCfg = Debug|Any CPU
		{AE99603E-E8CA-679F-2E8C-638EA06A8E83}.Debug|Any CPU.Build.0 = Debug|Any CPU
		{AE99603E-E8CA-679F-2E8C-638EA06A8E83}.Release|Any CPU.ActiveCfg = Release|Any CPU
		{AE99603E-E8CA-679F-2E8C-638EA06A8E83}.Release|Any CPU.Build.0 = Release|Any CPU
		{56503551-0198-F59B-9A49-89A5B6167523}.Debug|Any CPU.ActiveCfg = Debug|Any CPU
		{56503551-0198-F59B-9A49-89A5B6167523}.Debug|Any CPU.Build.0 = Debug|Any CPU
		{56503551-0198-F59B-9A49-89A5B6167523}.Release|Any CPU.ActiveCfg = Release|Any CPU
		{56503551-0198-F59B-9A49-89A5B6167523}.Release|Any CPU.Build.0 = Release|Any CPU
		{3EE76176-AF9C-9E16-9EA7-CDC767F9B031}.Debug|Any CPU.ActiveCfg = Debug|Any CPU
		{3EE76176-AF9C-9E16-9EA7-CDC767F9B031}.Debug|Any CPU.Build.0 = Debug|Any CPU
		{3EE76176-AF9C-9E16-9EA7-CDC767F9B031}.Release|Any CPU.ActiveCfg = Release|Any CPU
		{3EE76176-AF9C-9E16-9EA7-CDC767F9B031}.Release|Any CPU.Build.0 = Release|Any CPU
		{5F41AAD9-0B42-4093-8E81-296E542D9E1F}.Debug|Any CPU.ActiveCfg = Debug|Any CPU
		{5F41AAD9-0B42-4093-8E81-296E542D9E1F}.Debug|Any CPU.Build.0 = Debug|Any CPU
		{5F41AAD9-0B42-4093-8E81-296E542D9E1F}.Release|Any CPU.ActiveCfg = Release|Any CPU
		{5F41AAD9-0B42-4093-8E81-296E542D9E1F}.Release|Any CPU.Build.0 = Release|Any CPU
		{1567F337-497A-B9FC-09A1-34596206F85A}.Debug|Any CPU.ActiveCfg = Debug|Any CPU
		{1567F337-497A-B9FC-09A1-34596206F85A}.Debug|Any CPU.Build.0 = Debug|Any CPU
		{1567F337-497A-B9FC-09A1-34596206F85A}.Release|Any CPU.ActiveCfg = Release|Any CPU
		{1567F337-497A-B9FC-09A1-34596206F85A}.Release|Any CPU.Build.0 = Release|Any CPU
		{00AEFA72-4376-9C8D-712A-9F286E6B13DD}.Debug|Any CPU.ActiveCfg = Debug|Any CPU
		{00AEFA72-4376-9C8D-712A-9F286E6B13DD}.Debug|Any CPU.Build.0 = Debug|Any CPU
		{00AEFA72-4376-9C8D-712A-9F286E6B13DD}.Release|Any CPU.ActiveCfg = Release|Any CPU
		{00AEFA72-4376-9C8D-712A-9F286E6B13DD}.Release|Any CPU.Build.0 = Release|Any CPU
		{60991C01-5C12-8E7F-DD79-6CD462BC5EF0}.Debug|Any CPU.ActiveCfg = Debug|Any CPU
		{60991C01-5C12-8E7F-DD79-6CD462BC5EF0}.Debug|Any CPU.Build.0 = Debug|Any CPU
		{60991C01-5C12-8E7F-DD79-6CD462BC5EF0}.Release|Any CPU.ActiveCfg = Release|Any CPU
		{60991C01-5C12-8E7F-DD79-6CD462BC5EF0}.Release|Any CPU.Build.0 = Release|Any CPU
		{348E0A67-8750-F3DD-4FA8-6FD308F4724D}.Debug|Any CPU.ActiveCfg = Debug|Any CPU
		{348E0A67-8750-F3DD-4FA8-6FD308F4724D}.Debug|Any CPU.Build.0 = Debug|Any CPU
		{348E0A67-8750-F3DD-4FA8-6FD308F4724D}.Release|Any CPU.ActiveCfg = Release|Any CPU
		{348E0A67-8750-F3DD-4FA8-6FD308F4724D}.Release|Any CPU.Build.0 = Release|Any CPU
		{E293C815-8779-8AE3-A68C-1A0E1B582FE7}.Debug|Any CPU.ActiveCfg = Debug|Any CPU
		{E293C815-8779-8AE3-A68C-1A0E1B582FE7}.Debug|Any CPU.Build.0 = Debug|Any CPU
		{E293C815-8779-8AE3-A68C-1A0E1B582FE7}.Release|Any CPU.ActiveCfg = Release|Any CPU
		{E293C815-8779-8AE3-A68C-1A0E1B582FE7}.Release|Any CPU.Build.0 = Release|Any CPU
		{5667046A-63E3-1BFA-7583-C02FFAA3A80E}.Debug|Any CPU.ActiveCfg = Debug|Any CPU
		{5667046A-63E3-1BFA-7583-C02FFAA3A80E}.Debug|Any CPU.Build.0 = Debug|Any CPU
		{5667046A-63E3-1BFA-7583-C02FFAA3A80E}.Release|Any CPU.ActiveCfg = Release|Any CPU
		{5667046A-63E3-1BFA-7583-C02FFAA3A80E}.Release|Any CPU.Build.0 = Release|Any CPU
		{43C3166B-7D51-2383-604A-B3C4F370DE51}.Debug|Any CPU.ActiveCfg = Debug|Any CPU
		{43C3166B-7D51-2383-604A-B3C4F370DE51}.Debug|Any CPU.Build.0 = Debug|Any CPU
		{43C3166B-7D51-2383-604A-B3C4F370DE51}.Release|Any CPU.ActiveCfg = Release|Any CPU
		{43C3166B-7D51-2383-604A-B3C4F370DE51}.Release|Any CPU.Build.0 = Release|Any CPU
		{ADFDA09A-43B2-8771-F7D8-2126FC33FAFF}.Debug|Any CPU.ActiveCfg = Debug|Any CPU
		{ADFDA09A-43B2-8771-F7D8-2126FC33FAFF}.Debug|Any CPU.Build.0 = Debug|Any CPU
		{ADFDA09A-43B2-8771-F7D8-2126FC33FAFF}.Release|Any CPU.ActiveCfg = Release|Any CPU
		{ADFDA09A-43B2-8771-F7D8-2126FC33FAFF}.Release|Any CPU.Build.0 = Release|Any CPU
		{66F0094B-4490-9F55-A779-BCB888742502}.Debug|Any CPU.ActiveCfg = Debug|Any CPU
		{66F0094B-4490-9F55-A779-BCB888742502}.Debug|Any CPU.Build.0 = Debug|Any CPU
		{66F0094B-4490-9F55-A779-BCB888742502}.Release|Any CPU.ActiveCfg = Release|Any CPU
		{66F0094B-4490-9F55-A779-BCB888742502}.Release|Any CPU.Build.0 = Release|Any CPU
		{2E7BDDD3-277A-40BC-E025-0FCCF8B5219D}.Debug|Any CPU.ActiveCfg = Debug|Any CPU
		{2E7BDDD3-277A-40BC-E025-0FCCF8B5219D}.Debug|Any CPU.Build.0 = Debug|Any CPU
		{2E7BDDD3-277A-40BC-E025-0FCCF8B5219D}.Release|Any CPU.ActiveCfg = Release|Any CPU
		{2E7BDDD3-277A-40BC-E025-0FCCF8B5219D}.Release|Any CPU.Build.0 = Release|Any CPU
		{8534B024-B081-9093-D738-1ADBA35F1008}.Debug|Any CPU.ActiveCfg = Debug|Any CPU
		{8534B024-B081-9093-D738-1ADBA35F1008}.Debug|Any CPU.Build.0 = Debug|Any CPU
		{8534B024-B081-9093-D738-1ADBA35F1008}.Release|Any CPU.ActiveCfg = Release|Any CPU
		{8534B024-B081-9093-D738-1ADBA35F1008}.Release|Any CPU.Build.0 = Release|Any CPU
		{10A1410C-E2FA-E094-48B3-C9C6F057C584}.Debug|Any CPU.ActiveCfg = Debug|Any CPU
		{10A1410C-E2FA-E094-48B3-C9C6F057C584}.Debug|Any CPU.Build.0 = Debug|Any CPU
		{10A1410C-E2FA-E094-48B3-C9C6F057C584}.Release|Any CPU.ActiveCfg = Release|Any CPU
		{10A1410C-E2FA-E094-48B3-C9C6F057C584}.Release|Any CPU.Build.0 = Release|Any CPU
		{FD4A8444-A1E3-AEFC-5794-701E905F5321}.Debug|Any CPU.ActiveCfg = Debug|Any CPU
		{FD4A8444-A1E3-AEFC-5794-701E905F5321}.Debug|Any CPU.Build.0 = Debug|Any CPU
		{FD4A8444-A1E3-AEFC-5794-701E905F5321}.Release|Any CPU.ActiveCfg = Release|Any CPU
		{FD4A8444-A1E3-AEFC-5794-701E905F5321}.Release|Any CPU.Build.0 = Release|Any CPU
		{E8791EB0-63D9-93F2-0846-80490C35C1F6}.Debug|Any CPU.ActiveCfg = Debug|Any CPU
		{E8791EB0-63D9-93F2-0846-80490C35C1F6}.Debug|Any CPU.Build.0 = Debug|Any CPU
		{E8791EB0-63D9-93F2-0846-80490C35C1F6}.Release|Any CPU.ActiveCfg = Release|Any CPU
		{E8791EB0-63D9-93F2-0846-80490C35C1F6}.Release|Any CPU.Build.0 = Release|Any CPU
		{EEEEF08F-58BA-99D8-6485-32845CFE0BFD}.Debug|Any CPU.ActiveCfg = Debug|Any CPU
		{EEEEF08F-58BA-99D8-6485-32845CFE0BFD}.Debug|Any CPU.Build.0 = Debug|Any CPU
		{EEEEF08F-58BA-99D8-6485-32845CFE0BFD}.Release|Any CPU.ActiveCfg = Release|Any CPU
		{EEEEF08F-58BA-99D8-6485-32845CFE0BFD}.Release|Any CPU.Build.0 = Release|Any CPU
		{ACDED120-FF40-FC78-1646-48BE6AEBBF88}.Debug|Any CPU.ActiveCfg = Debug|Any CPU
		{ACDED120-FF40-FC78-1646-48BE6AEBBF88}.Debug|Any CPU.Build.0 = Debug|Any CPU
		{ACDED120-FF40-FC78-1646-48BE6AEBBF88}.Release|Any CPU.ActiveCfg = Release|Any CPU
		{ACDED120-FF40-FC78-1646-48BE6AEBBF88}.Release|Any CPU.Build.0 = Release|Any CPU
		{D159D3D4-62E9-6D48-F151-F4F1C15931F9}.Debug|Any CPU.ActiveCfg = Debug|Any CPU
		{D159D3D4-62E9-6D48-F151-F4F1C15931F9}.Debug|Any CPU.Build.0 = Debug|Any CPU
		{D159D3D4-62E9-6D48-F151-F4F1C15931F9}.Release|Any CPU.ActiveCfg = Release|Any CPU
		{D159D3D4-62E9-6D48-F151-F4F1C15931F9}.Release|Any CPU.Build.0 = Release|Any CPU
		{94C5AD67-7680-09F5-8B7C-1420ED19F363}.Debug|Any CPU.ActiveCfg = Debug|Any CPU
		{94C5AD67-7680-09F5-8B7C-1420ED19F363}.Debug|Any CPU.Build.0 = Debug|Any CPU
		{94C5AD67-7680-09F5-8B7C-1420ED19F363}.Release|Any CPU.ActiveCfg = Release|Any CPU
		{94C5AD67-7680-09F5-8B7C-1420ED19F363}.Release|Any CPU.Build.0 = Release|Any CPU
		{3BDAD41A-6BEA-7556-74D7-22C4A1E0E545}.Debug|Any CPU.ActiveCfg = Debug|Any CPU
		{3BDAD41A-6BEA-7556-74D7-22C4A1E0E545}.Debug|Any CPU.Build.0 = Debug|Any CPU
		{3BDAD41A-6BEA-7556-74D7-22C4A1E0E545}.Release|Any CPU.ActiveCfg = Release|Any CPU
		{3BDAD41A-6BEA-7556-74D7-22C4A1E0E545}.Release|Any CPU.Build.0 = Release|Any CPU
		{561E4ADA-D728-183A-43C8-240E9CC13270}.Debug|Any CPU.ActiveCfg = Debug|Any CPU
		{561E4ADA-D728-183A-43C8-240E9CC13270}.Debug|Any CPU.Build.0 = Debug|Any CPU
		{561E4ADA-D728-183A-43C8-240E9CC13270}.Release|Any CPU.ActiveCfg = Release|Any CPU
		{561E4ADA-D728-183A-43C8-240E9CC13270}.Release|Any CPU.Build.0 = Release|Any CPU
		{673FB79F-3818-3324-DD7B-638CE6ED5AA4}.Debug|Any CPU.ActiveCfg = Debug|Any CPU
		{673FB79F-3818-3324-DD7B-638CE6ED5AA4}.Debug|Any CPU.Build.0 = Debug|Any CPU
		{673FB79F-3818-3324-DD7B-638CE6ED5AA4}.Release|Any CPU.ActiveCfg = Release|Any CPU
		{673FB79F-3818-3324-DD7B-638CE6ED5AA4}.Release|Any CPU.Build.0 = Release|Any CPU
		{E54EE3C2-9BAF-0583-F6C5-DCE5AFA059C8}.Debug|Any CPU.ActiveCfg = Debug|Any CPU
		{E54EE3C2-9BAF-0583-F6C5-DCE5AFA059C8}.Debug|Any CPU.Build.0 = Debug|Any CPU
		{E54EE3C2-9BAF-0583-F6C5-DCE5AFA059C8}.Release|Any CPU.ActiveCfg = Release|Any CPU
		{E54EE3C2-9BAF-0583-F6C5-DCE5AFA059C8}.Release|Any CPU.Build.0 = Release|Any CPU
		{BAF4E8BD-0B1F-CF7F-DD10-D3ABAFF1F27C}.Debug|Any CPU.ActiveCfg = Debug|Any CPU
		{BAF4E8BD-0B1F-CF7F-DD10-D3ABAFF1F27C}.Debug|Any CPU.Build.0 = Debug|Any CPU
		{BAF4E8BD-0B1F-CF7F-DD10-D3ABAFF1F27C}.Release|Any CPU.ActiveCfg = Release|Any CPU
		{BAF4E8BD-0B1F-CF7F-DD10-D3ABAFF1F27C}.Release|Any CPU.Build.0 = Release|Any CPU
		{2C673C44-C2DD-3373-EEA9-43D7B8CA94E6}.Debug|Any CPU.ActiveCfg = Debug|Any CPU
		{2C673C44-C2DD-3373-EEA9-43D7B8CA94E6}.Debug|Any CPU.Build.0 = Debug|Any CPU
		{2C673C44-C2DD-3373-EEA9-43D7B8CA94E6}.Release|Any CPU.ActiveCfg = Release|Any CPU
		{2C673C44-C2DD-3373-EEA9-43D7B8CA94E6}.Release|Any CPU.Build.0 = Release|Any CPU
		{607366B9-0D84-1EC7-5793-0360135A1054}.Debug|Any CPU.ActiveCfg = Debug|Any CPU
		{607366B9-0D84-1EC7-5793-0360135A1054}.Debug|Any CPU.Build.0 = Debug|Any CPU
		{607366B9-0D84-1EC7-5793-0360135A1054}.Release|Any CPU.ActiveCfg = Release|Any CPU
		{607366B9-0D84-1EC7-5793-0360135A1054}.Release|Any CPU.Build.0 = Release|Any CPU
		{E3A11513-0DB7-D1D4-00F2-C2F12689DA1D}.Debug|Any CPU.ActiveCfg = Debug|Any CPU
		{E3A11513-0DB7-D1D4-00F2-C2F12689DA1D}.Debug|Any CPU.Build.0 = Debug|Any CPU
		{E3A11513-0DB7-D1D4-00F2-C2F12689DA1D}.Release|Any CPU.ActiveCfg = Release|Any CPU
		{E3A11513-0DB7-D1D4-00F2-C2F12689DA1D}.Release|Any CPU.Build.0 = Release|Any CPU
		{49D019BF-3AE0-577E-5694-8FAE8BCFB0F3}.Debug|Any CPU.ActiveCfg = Debug|Any CPU
		{49D019BF-3AE0-577E-5694-8FAE8BCFB0F3}.Debug|Any CPU.Build.0 = Debug|Any CPU
		{49D019BF-3AE0-577E-5694-8FAE8BCFB0F3}.Release|Any CPU.ActiveCfg = Release|Any CPU
		{49D019BF-3AE0-577E-5694-8FAE8BCFB0F3}.Release|Any CPU.Build.0 = Release|Any CPU
		{5E210439-E4E6-EC76-E203-57987A27935A}.Debug|Any CPU.ActiveCfg = Debug|Any CPU
		{5E210439-E4E6-EC76-E203-57987A27935A}.Debug|Any CPU.Build.0 = Debug|Any CPU
		{5E210439-E4E6-EC76-E203-57987A27935A}.Release|Any CPU.ActiveCfg = Release|Any CPU
		{5E210439-E4E6-EC76-E203-57987A27935A}.Release|Any CPU.Build.0 = Release|Any CPU
		{D9739DC2-8A48-7A2E-A0DD-044D383D55E3}.Debug|Any CPU.ActiveCfg = Debug|Any CPU
		{D9739DC2-8A48-7A2E-A0DD-044D383D55E3}.Debug|Any CPU.Build.0 = Debug|Any CPU
		{D9739DC2-8A48-7A2E-A0DD-044D383D55E3}.Release|Any CPU.ActiveCfg = Release|Any CPU
		{D9739DC2-8A48-7A2E-A0DD-044D383D55E3}.Release|Any CPU.Build.0 = Release|Any CPU
		{7E1C2EBA-1411-A3A8-E5DD-2873EB6267F8}.Debug|Any CPU.ActiveCfg = Debug|Any CPU
		{7E1C2EBA-1411-A3A8-E5DD-2873EB6267F8}.Debug|Any CPU.Build.0 = Debug|Any CPU
		{7E1C2EBA-1411-A3A8-E5DD-2873EB6267F8}.Release|Any CPU.ActiveCfg = Release|Any CPU
		{7E1C2EBA-1411-A3A8-E5DD-2873EB6267F8}.Release|Any CPU.Build.0 = Release|Any CPU
		{33F15783-29A2-532C-606E-FA22985C710A}.Debug|Any CPU.ActiveCfg = Debug|Any CPU
		{33F15783-29A2-532C-606E-FA22985C710A}.Debug|Any CPU.Build.0 = Debug|Any CPU
		{33F15783-29A2-532C-606E-FA22985C710A}.Release|Any CPU.ActiveCfg = Release|Any CPU
		{33F15783-29A2-532C-606E-FA22985C710A}.Release|Any CPU.Build.0 = Release|Any CPU
		{EB43E424-63D1-9127-B90F-268F18B1348F}.Debug|Any CPU.ActiveCfg = Debug|Any CPU
		{EB43E424-63D1-9127-B90F-268F18B1348F}.Debug|Any CPU.Build.0 = Debug|Any CPU
		{EB43E424-63D1-9127-B90F-268F18B1348F}.Release|Any CPU.ActiveCfg = Release|Any CPU
		{EB43E424-63D1-9127-B90F-268F18B1348F}.Release|Any CPU.Build.0 = Release|Any CPU
		{536C5BDC-D7AE-81D5-E991-725F5B8CE4DE}.Debug|Any CPU.ActiveCfg = Debug|Any CPU
		{536C5BDC-D7AE-81D5-E991-725F5B8CE4DE}.Debug|Any CPU.Build.0 = Debug|Any CPU
		{536C5BDC-D7AE-81D5-E991-725F5B8CE4DE}.Release|Any CPU.ActiveCfg = Release|Any CPU
		{536C5BDC-D7AE-81D5-E991-725F5B8CE4DE}.Release|Any CPU.Build.0 = Release|Any CPU
		{16E44B3A-F782-9926-442C-C181797A38E1}.Debug|Any CPU.ActiveCfg = Debug|Any CPU
		{16E44B3A-F782-9926-442C-C181797A38E1}.Debug|Any CPU.Build.0 = Debug|Any CPU
		{16E44B3A-F782-9926-442C-C181797A38E1}.Release|Any CPU.ActiveCfg = Release|Any CPU
		{16E44B3A-F782-9926-442C-C181797A38E1}.Release|Any CPU.Build.0 = Release|Any CPU
		{695BA1F8-32E4-641C-D0A0-540BDE4EB26F}.Debug|Any CPU.ActiveCfg = Debug|Any CPU
		{695BA1F8-32E4-641C-D0A0-540BDE4EB26F}.Debug|Any CPU.Build.0 = Debug|Any CPU
		{695BA1F8-32E4-641C-D0A0-540BDE4EB26F}.Release|Any CPU.ActiveCfg = Release|Any CPU
		{695BA1F8-32E4-641C-D0A0-540BDE4EB26F}.Release|Any CPU.Build.0 = Release|Any CPU
		{2F80FEE1-B401-1B14-D686-785077AADA07}.Debug|Any CPU.ActiveCfg = Debug|Any CPU
		{2F80FEE1-B401-1B14-D686-785077AADA07}.Debug|Any CPU.Build.0 = Debug|Any CPU
		{2F80FEE1-B401-1B14-D686-785077AADA07}.Release|Any CPU.ActiveCfg = Release|Any CPU
		{2F80FEE1-B401-1B14-D686-785077AADA07}.Release|Any CPU.Build.0 = Release|Any CPU
		{951CFA81-0B2E-1023-3BD2-B6D1633F7701}.Debug|Any CPU.ActiveCfg = Debug|Any CPU
		{951CFA81-0B2E-1023-3BD2-B6D1633F7701}.Debug|Any CPU.Build.0 = Debug|Any CPU
		{951CFA81-0B2E-1023-3BD2-B6D1633F7701}.Release|Any CPU.ActiveCfg = Release|Any CPU
		{951CFA81-0B2E-1023-3BD2-B6D1633F7701}.Release|Any CPU.Build.0 = Release|Any CPU
		{9CC42B6C-FCD3-13CC-FC50-7EE7295A94F5}.Debug|Any CPU.ActiveCfg = Debug|Any CPU
		{9CC42B6C-FCD3-13CC-FC50-7EE7295A94F5}.Debug|Any CPU.Build.0 = Debug|Any CPU
		{9CC42B6C-FCD3-13CC-FC50-7EE7295A94F5}.Release|Any CPU.ActiveCfg = Release|Any CPU
		{9CC42B6C-FCD3-13CC-FC50-7EE7295A94F5}.Release|Any CPU.Build.0 = Release|Any CPU
		{9CFCA23C-2FC0-5F2F-6A0D-235B7F8EE98F}.Debug|Any CPU.ActiveCfg = Debug|Any CPU
		{9CFCA23C-2FC0-5F2F-6A0D-235B7F8EE98F}.Debug|Any CPU.Build.0 = Debug|Any CPU
		{9CFCA23C-2FC0-5F2F-6A0D-235B7F8EE98F}.Release|Any CPU.ActiveCfg = Release|Any CPU
		{9CFCA23C-2FC0-5F2F-6A0D-235B7F8EE98F}.Release|Any CPU.Build.0 = Release|Any CPU
	EndGlobalSection
	GlobalSection(SolutionProperties) = preSolution
		HideSolutionNode = FALSE
	EndGlobalSection
EndGlobal
