
Microsoft Visual Studio Solution File, Format Version 12.00
# Visual Studio 15
Project("{FAE04EC0-301F-11D3-BF4B-00C04F79EFBC}") = "UnityEngine.UI", "UnityEngine.UI.csproj", "{D3EBFE42-1F95-177C-D376-1063E06B7D4A}"
EndProject
Project("{FAE04EC0-301F-11D3-BF4B-00C04F79EFBC}") = "UnityEngine.TestRunner", "UnityEngine.TestRunner.csproj", "{A1632644-4C39-EE18-781B-499699FA6CC4}"
EndProject
Project("{FAE04EC0-301F-11D3-BF4B-00C04F79EFBC}") = "Assembly-CSharp", "Assembly-CSharp.csproj", "{C1BF62FA-C5C9-41A2-2CDF-B0DCBC002D60}"
EndProject
Project("{FAE04EC0-301F-11D3-BF4B-00C04F79EFBC}") = "Unity.2D.Animation.Triangle.Runtime", "Unity.2D.Animation.Triangle.Runtime.csproj", "{617FEE9F-B46D-A53A-58BA-8624498D7750}"
EndProject
Project("{FAE04EC0-301F-11D3-BF4B-00C04F79EFBC}") = "Unity.TextMeshPro", "Unity.TextMeshPro.csproj", "{D72D9482-4610-B84C-F5E6-FD2A4B45ECDF}"
EndProject
Project("{FAE04EC0-301F-11D3-BF4B-00C04F79EFBC}") = "Unity.2D.Animation.Runtime", "Unity.2D.Animation.Runtime.csproj", "{A9D16EC9-5065-2A4B-F8DA-95637CEE6846}"
EndProject
Project("{FAE04EC0-301F-11D3-BF4B-00C04F79EFBC}") = "Unity.Timeline", "Unity.Timeline.csproj", "{06BC9274-47C2-4555-0773-8C3C03C420E8}"
EndProject
Project("{FAE04EC0-301F-11D3-BF4B-00C04F79EFBC}") = "Unity.Mathematics", "Unity.Mathematics.csproj", "{9F62E0A2-1520-E70A-EC3D-E692D710DA3E}"
EndProject
Project("{FAE04EC0-301F-11D3-BF4B-00C04F79EFBC}") = "Unity.2D.SpriteShape.Runtime", "Unity.2D.SpriteShape.Runtime.csproj", "{54181644-B2AE-4970-44E9-4F1F8854361A}"
EndProject
Project("{FAE04EC0-301F-11D3-BF4B-00C04F79EFBC}") = "Assembly-CSharp-firstpass", "Assembly-CSharp-firstpass.csproj", "{5607A1BC-6E3B-6F9B-B42A-1FF24C79FA63}"
EndProject
Project("{FAE04EC0-301F-11D3-BF4B-00C04F79EFBC}") = "Unity.2D.PixelPerfect", "Unity.2D.PixelPerfect.csproj", "{AD50C6DA-00AB-AE1D-F5CF-D884C2DC86EE}"
EndProject
Project("{FAE04EC0-301F-11D3-BF4B-00C04F79EFBC}") = "Unity.InternalAPIEngineBridge.001", "Unity.InternalAPIEngineBridge.001.csproj", "{D9A0E745-C9DC-3668-9B82-E0752B0C4B11}"
EndProject
Project("{FAE04EC0-301F-11D3-BF4B-00C04F79EFBC}") = "Unity.2D.Common.Runtime", "Unity.2D.Common.Runtime.csproj", "{0B4D7E81-2BF4-AC77-D85A-AE9711924603}"
EndProject
Project("{FAE04EC0-301F-11D3-BF4B-00C04F79EFBC}") = "UnityEditor.TestRunner", "UnityEditor.TestRunner.csproj", "{B5F7D916-D1FD-0F89-45D6-21B7E452B5C0}"
EndProject
Project("{FAE04EC0-301F-11D3-BF4B-00C04F79EFBC}") = "Unity.TextMeshPro.Editor", "Unity.TextMeshPro.Editor.csproj", "{69CAE741-487B-1ED0-9BE3-AB7B91DA374F}"
EndProject
Project("{FAE04EC0-301F-11D3-BF4B-00C04F79EFBC}") = "Unity.Timeline.Editor", "Unity.Timeline.Editor.csproj", "{DCFCFD55-6C92-AAF2-FEA6-2D5D65BE9D6A}"
EndProject
Project("{FAE04EC0-301F-11D3-BF4B-00C04F79EFBC}") = "Unity.2D.Animation.Editor", "Unity.2D.Animation.Editor.csproj", "{17DE2FAA-F590-9533-27A3-164DDB6B1C7A}"
EndProject
Project("{FAE04EC0-301F-11D3-BF4B-00C04F79EFBC}") = "Unity.2D.Path.Editor", "Unity.2D.Path.Editor.csproj", "{9ADF83A1-FB6E-23C3-EF9E-D12361857662}"
EndProject
Project("{FAE04EC0-301F-11D3-BF4B-00C04F79EFBC}") = "Unity.2D.Sprite.Editor", "Unity.2D.Sprite.Editor.csproj", "{3081EFBC-EA47-8917-EAB7-82EA5742025B}"
EndProject
Project("{FAE04EC0-301F-11D3-BF4B-00C04F79EFBC}") = "UnityEditor.UI", "UnityEditor.UI.csproj", "{F1633458-F9E9-D1E5-17B9-B980C84BE408}"
EndProject
Project("{FAE04EC0-301F-11D3-BF4B-00C04F79EFBC}") = "Assembly-CSharp-Editor", "Assembly-CSharp-Editor.csproj", "{9D37F8A7-F49A-5AFD-4F5C-12C67B24D91F}"
EndProject
Project("{FAE04EC0-301F-11D3-BF4B-00C04F79EFBC}") = "Unity.Rider.Editor", "Unity.Rider.Editor.csproj", "{511315D8-4E97-9F22-724A-C40F6D14916B}"
EndProject
Project("{FAE04EC0-301F-11D3-BF4B-00C04F79EFBC}") = "Unity.2D.Tilemap.Editor", "Unity.2D.Tilemap.Editor.csproj", "{31B7D138-0083-B4C6-3A6C-12DA4A691749}"
EndProject
Project("{FAE04EC0-301F-11D3-BF4B-00C04F79EFBC}") = "Unity.2D.SpriteShape.Editor", "Unity.2D.SpriteShape.Editor.csproj", "{57099C1E-B41B-8BD2-E599-B1334DAEEE8F}"
EndProject
Project("{FAE04EC0-301F-11D3-BF4B-00C04F79EFBC}") = "PsdPlugin", "PsdPlugin.csproj", "{F10A4285-5A0B-184B-1D7A-F884984DC548}"
EndProject
Project("{FAE04EC0-301F-11D3-BF4B-00C04F79EFBC}") = "Unity.CollabProxy.Editor", "Unity.CollabProxy.Editor.csproj", "{912264E6-DA93-07A8-EBEA-6F33A18B1AC0}"
EndProject
Project("{FAE04EC0-301F-11D3-BF4B-00C04F79EFBC}") = "Unity.2D.Common.Editor", "Unity.2D.Common.Editor.csproj", "{32EF01EF-B13E-B201-F5FC-AC2403A5102C}"
EndProject
Project("{FAE04EC0-301F-11D3-BF4B-00C04F79EFBC}") = "Unity.VSCode.Editor", "Unity.VSCode.Editor.csproj", "{1DCB51B2-7682-6EE6-AEE9-B0E2266DECC4}"
EndProject
Project("{FAE04EC0-301F-11D3-BF4B-00C04F79EFBC}") = "Unity.2D.Psdimporter.Editor", "Unity.2D.Psdimporter.Editor.csproj", "{886AE584-2311-D0C4-3503-BCAA30D94E4C}"
EndProject
Project("{FAE04EC0-301F-11D3-BF4B-00C04F79EFBC}") = "Unity.2D.PixelPerfect.Editor", "Unity.2D.PixelPerfect.Editor.csproj", "{6D9890EC-4537-3A15-D5F2-DC98808E631A}"
EndProject
Project("{FAE04EC0-301F-11D3-BF4B-00C04F79EFBC}") = "Unity.Mathematics.Editor", "Unity.Mathematics.Editor.csproj", "{5BC5FF79-E0B6-FB6D-B6E3-98CA1FDFA194}"
EndProject
Project("{FAE04EC0-301F-11D3-BF4B-00C04F79EFBC}") = "Unity.InternalAPIEditorBridge.001", "Unity.InternalAPIEditorBridge.001.csproj", "{9EAF0F6D-D886-7B23-C9A6-938B394A8082}"
EndProject
Global
	GlobalSection(SolutionConfigurationPlatforms) = preSolution
		Debug|Any CPU = Debug|Any CPU
		Release|Any CPU = Release|Any CPU
	EndGlobalSection
	GlobalSection(ProjectConfigurationPlatforms) = postSolution
		{D3EBFE42-1F95-177C-D376-1063E06B7D4A}.Debug|Any CPU.ActiveCfg = Debug|Any CPU
		{D3EBFE42-1F95-177C-D376-1063E06B7D4A}.Debug|Any CPU.Build.0 = Debug|Any CPU
		{D3EBFE42-1F95-177C-D376-1063E06B7D4A}.Release|Any CPU.ActiveCfg = Release|Any CPU
		{D3EBFE42-1F95-177C-D376-1063E06B7D4A}.Release|Any CPU.Build.0 = Release|Any CPU
		{A1632644-4C39-EE18-781B-499699FA6CC4}.Debug|Any CPU.ActiveCfg = Debug|Any CPU
		{A1632644-4C39-EE18-781B-499699FA6CC4}.Debug|Any CPU.Build.0 = Debug|Any CPU
		{A1632644-4C39-EE18-781B-499699FA6CC4}.Release|Any CPU.ActiveCfg = Release|Any CPU
		{A1632644-4C39-EE18-781B-499699FA6CC4}.Release|Any CPU.Build.0 = Release|Any CPU
		{C1BF62FA-C5C9-41A2-2CDF-B0DCBC002D60}.Debug|Any CPU.ActiveCfg = Debug|Any CPU
		{C1BF62FA-C5C9-41A2-2CDF-B0DCBC002D60}.Debug|Any CPU.Build.0 = Debug|Any CPU
		{C1BF62FA-C5C9-41A2-2CDF-B0DCBC002D60}.Release|Any CPU.ActiveCfg = Release|Any CPU
		{C1BF62FA-C5C9-41A2-2CDF-B0DCBC002D60}.Release|Any CPU.Build.0 = Release|Any CPU
		{617FEE9F-B46D-A53A-58BA-8624498D7750}.Debug|Any CPU.ActiveCfg = Debug|Any CPU
		{617FEE9F-B46D-A53A-58BA-8624498D7750}.Debug|Any CPU.Build.0 = Debug|Any CPU
		{617FEE9F-B46D-A53A-58BA-8624498D7750}.Release|Any CPU.ActiveCfg = Release|Any CPU
		{617FEE9F-B46D-A53A-58BA-8624498D7750}.Release|Any CPU.Build.0 = Release|Any CPU
		{D72D9482-4610-B84C-F5E6-FD2A4B45ECDF}.Debug|Any CPU.ActiveCfg = Debug|Any CPU
		{D72D9482-4610-B84C-F5E6-FD2A4B45ECDF}.Debug|Any CPU.Build.0 = Debug|Any CPU
		{D72D9482-4610-B84C-F5E6-FD2A4B45ECDF}.Release|Any CPU.ActiveCfg = Release|Any CPU
		{D72D9482-4610-B84C-F5E6-FD2A4B45ECDF}.Release|Any CPU.Build.0 = Release|Any CPU
		{A9D16EC9-5065-2A4B-F8DA-95637CEE6846}.Debug|Any CPU.ActiveCfg = Debug|Any CPU
		{A9D16EC9-5065-2A4B-F8DA-95637CEE6846}.Debug|Any CPU.Build.0 = Debug|Any CPU
		{A9D16EC9-5065-2A4B-F8DA-95637CEE6846}.Release|Any CPU.ActiveCfg = Release|Any CPU
		{A9D16EC9-5065-2A4B-F8DA-95637CEE6846}.Release|Any CPU.Build.0 = Release|Any CPU
		{06BC9274-47C2-4555-0773-8C3C03C420E8}.Debug|Any CPU.ActiveCfg = Debug|Any CPU
		{06BC9274-47C2-4555-0773-8C3C03C420E8}.Debug|Any CPU.Build.0 = Debug|Any CPU
		{06BC9274-47C2-4555-0773-8C3C03C420E8}.Release|Any CPU.ActiveCfg = Release|Any CPU
		{06BC9274-47C2-4555-0773-8C3C03C420E8}.Release|Any CPU.Build.0 = Release|Any CPU
		{9F62E0A2-1520-E70A-EC3D-E692D710DA3E}.Debug|Any CPU.ActiveCfg = Debug|Any CPU
		{9F62E0A2-1520-E70A-EC3D-E692D710DA3E}.Debug|Any CPU.Build.0 = Debug|Any CPU
		{9F62E0A2-1520-E70A-EC3D-E692D710DA3E}.Release|Any CPU.ActiveCfg = Release|Any CPU
		{9F62E0A2-1520-E70A-EC3D-E692D710DA3E}.Release|Any CPU.Build.0 = Release|Any CPU
		{54181644-B2AE-4970-44E9-4F1F8854361A}.Debug|Any CPU.ActiveCfg = Debug|Any CPU
		{54181644-B2AE-4970-44E9-4F1F8854361A}.Debug|Any CPU.Build.0 = Debug|Any CPU
		{54181644-B2AE-4970-44E9-4F1F8854361A}.Release|Any CPU.ActiveCfg = Release|Any CPU
		{54181644-B2AE-4970-44E9-4F1F8854361A}.Release|Any CPU.Build.0 = Release|Any CPU
		{5607A1BC-6E3B-6F9B-B42A-1FF24C79FA63}.Debug|Any CPU.ActiveCfg = Debug|Any CPU
		{5607A1BC-6E3B-6F9B-B42A-1FF24C79FA63}.Debug|Any CPU.Build.0 = Debug|Any CPU
		{5607A1BC-6E3B-6F9B-B42A-1FF24C79FA63}.Release|Any CPU.ActiveCfg = Release|Any CPU
		{5607A1BC-6E3B-6F9B-B42A-1FF24C79FA63}.Release|Any CPU.Build.0 = Release|Any CPU
		{AD50C6DA-00AB-AE1D-F5CF-D884C2DC86EE}.Debug|Any CPU.ActiveCfg = Debug|Any CPU
		{AD50C6DA-00AB-AE1D-F5CF-D884C2DC86EE}.Debug|Any CPU.Build.0 = Debug|Any CPU
		{AD50C6DA-00AB-AE1D-F5CF-D884C2DC86EE}.Release|Any CPU.ActiveCfg = Release|Any CPU
		{AD50C6DA-00AB-AE1D-F5CF-D884C2DC86EE}.Release|Any CPU.Build.0 = Release|Any CPU
		{D9A0E745-C9DC-3668-9B82-E0752B0C4B11}.Debug|Any CPU.ActiveCfg = Debug|Any CPU
		{D9A0E745-C9DC-3668-9B82-E0752B0C4B11}.Debug|Any CPU.Build.0 = Debug|Any CPU
		{D9A0E745-C9DC-3668-9B82-E0752B0C4B11}.Release|Any CPU.ActiveCfg = Release|Any CPU
		{D9A0E745-C9DC-3668-9B82-E0752B0C4B11}.Release|Any CPU.Build.0 = Release|Any CPU
		{0B4D7E81-2BF4-AC77-D85A-AE9711924603}.Debug|Any CPU.ActiveCfg = Debug|Any CPU
		{0B4D7E81-2BF4-AC77-D85A-AE9711924603}.Debug|Any CPU.Build.0 = Debug|Any CPU
		{0B4D7E81-2BF4-AC77-D85A-AE9711924603}.Release|Any CPU.ActiveCfg = Release|Any CPU
		{0B4D7E81-2BF4-AC77-D85A-AE9711924603}.Release|Any CPU.Build.0 = Release|Any CPU
		{B5F7D916-D1FD-0F89-45D6-21B7E452B5C0}.Debug|Any CPU.ActiveCfg = Debug|Any CPU
		{B5F7D916-D1FD-0F89-45D6-21B7E452B5C0}.Debug|Any CPU.Build.0 = Debug|Any CPU
		{B5F7D916-D1FD-0F89-45D6-21B7E452B5C0}.Release|Any CPU.ActiveCfg = Release|Any CPU
		{B5F7D916-D1FD-0F89-45D6-21B7E452B5C0}.Release|Any CPU.Build.0 = Release|Any CPU
		{69CAE741-487B-1ED0-9BE3-AB7B91DA374F}.Debug|Any CPU.ActiveCfg = Debug|Any CPU
		{69CAE741-487B-1ED0-9BE3-AB7B91DA374F}.Debug|Any CPU.Build.0 = Debug|Any CPU
		{69CAE741-487B-1ED0-9BE3-AB7B91DA374F}.Release|Any CPU.ActiveCfg = Release|Any CPU
		{69CAE741-487B-1ED0-9BE3-AB7B91DA374F}.Release|Any CPU.Build.0 = Release|Any CPU
		{DCFCFD55-6C92-AAF2-FEA6-2D5D65BE9D6A}.Debug|Any CPU.ActiveCfg = Debug|Any CPU
		{DCFCFD55-6C92-AAF2-FEA6-2D5D65BE9D6A}.Debug|Any CPU.Build.0 = Debug|Any CPU
		{DCFCFD55-6C92-AAF2-FEA6-2D5D65BE9D6A}.Release|Any CPU.ActiveCfg = Release|Any CPU
		{DCFCFD55-6C92-AAF2-FEA6-2D5D65BE9D6A}.Release|Any CPU.Build.0 = Release|Any CPU
		{17DE2FAA-F590-9533-27A3-164DDB6B1C7A}.Debug|Any CPU.ActiveCfg = Debug|Any CPU
		{17DE2FAA-F590-9533-27A3-164DDB6B1C7A}.Debug|Any CPU.Build.0 = Debug|Any CPU
		{17DE2FAA-F590-9533-27A3-164DDB6B1C7A}.Release|Any CPU.ActiveCfg = Release|Any CPU
		{17DE2FAA-F590-9533-27A3-164DDB6B1C7A}.Release|Any CPU.Build.0 = Release|Any CPU
		{9ADF83A1-FB6E-23C3-EF9E-D12361857662}.Debug|Any CPU.ActiveCfg = Debug|Any CPU
		{9ADF83A1-FB6E-23C3-EF9E-D12361857662}.Debug|Any CPU.Build.0 = Debug|Any CPU
		{9ADF83A1-FB6E-23C3-EF9E-D12361857662}.Release|Any CPU.ActiveCfg = Release|Any CPU
		{9ADF83A1-FB6E-23C3-EF9E-D12361857662}.Release|Any CPU.Build.0 = Release|Any CPU
		{3081EFBC-EA47-8917-EAB7-82EA5742025B}.Debug|Any CPU.ActiveCfg = Debug|Any CPU
		{3081EFBC-EA47-8917-EAB7-82EA5742025B}.Debug|Any CPU.Build.0 = Debug|Any CPU
		{3081EFBC-EA47-8917-EAB7-82EA5742025B}.Release|Any CPU.ActiveCfg = Release|Any CPU
		{3081EFBC-EA47-8917-EAB7-82EA5742025B}.Release|Any CPU.Build.0 = Release|Any CPU
		{F1633458-F9E9-D1E5-17B9-B980C84BE408}.Debug|Any CPU.ActiveCfg = Debug|Any CPU
		{F1633458-F9E9-D1E5-17B9-B980C84BE408}.Debug|Any CPU.Build.0 = Debug|Any CPU
		{F1633458-F9E9-D1E5-17B9-B980C84BE408}.Release|Any CPU.ActiveCfg = Release|Any CPU
		{F1633458-F9E9-D1E5-17B9-B980C84BE408}.Release|Any CPU.Build.0 = Release|Any CPU
		{9D37F8A7-F49A-5AFD-4F5C-12C67B24D91F}.Debug|Any CPU.ActiveCfg = Debug|Any CPU
		{9D37F8A7-F49A-5AFD-4F5C-12C67B24D91F}.Debug|Any CPU.Build.0 = Debug|Any CPU
		{9D37F8A7-F49A-5AFD-4F5C-12C67B24D91F}.Release|Any CPU.ActiveCfg = Release|Any CPU
		{9D37F8A7-F49A-5AFD-4F5C-12C67B24D91F}.Release|Any CPU.Build.0 = Release|Any CPU
		{511315D8-4E97-9F22-724A-C40F6D14916B}.Debug|Any CPU.ActiveCfg = Debug|Any CPU
		{511315D8-4E97-9F22-724A-C40F6D14916B}.Debug|Any CPU.Build.0 = Debug|Any CPU
		{511315D8-4E97-9F22-724A-C40F6D14916B}.Release|Any CPU.ActiveCfg = Release|Any CPU
		{511315D8-4E97-9F22-724A-C40F6D14916B}.Release|Any CPU.Build.0 = Release|Any CPU
		{31B7D138-0083-B4C6-3A6C-12DA4A691749}.Debug|Any CPU.ActiveCfg = Debug|Any CPU
		{31B7D138-0083-B4C6-3A6C-12DA4A691749}.Debug|Any CPU.Build.0 = Debug|Any CPU
		{31B7D138-0083-B4C6-3A6C-12DA4A691749}.Release|Any CPU.ActiveCfg = Release|Any CPU
		{31B7D138-0083-B4C6-3A6C-12DA4A691749}.Release|Any CPU.Build.0 = Release|Any CPU
		{57099C1E-B41B-8BD2-E599-B1334DAEEE8F}.Debug|Any CPU.ActiveCfg = Debug|Any CPU
		{57099C1E-B41B-8BD2-E599-B1334DAEEE8F}.Debug|Any CPU.Build.0 = Debug|Any CPU
		{57099C1E-B41B-8BD2-E599-B1334DAEEE8F}.Release|Any CPU.ActiveCfg = Release|Any CPU
		{57099C1E-B41B-8BD2-E599-B1334DAEEE8F}.Release|Any CPU.Build.0 = Release|Any CPU
		{F10A4285-5A0B-184B-1D7A-F884984DC548}.Debug|Any CPU.ActiveCfg = Debug|Any CPU
		{F10A4285-5A0B-184B-1D7A-F884984DC548}.Debug|Any CPU.Build.0 = Debug|Any CPU
		{F10A4285-5A0B-184B-1D7A-F884984DC548}.Release|Any CPU.ActiveCfg = Release|Any CPU
		{F10A4285-5A0B-184B-1D7A-F884984DC548}.Release|Any CPU.Build.0 = Release|Any CPU
		{912264E6-DA93-07A8-EBEA-6F33A18B1AC0}.Debug|Any CPU.ActiveCfg = Debug|Any CPU
		{912264E6-DA93-07A8-EBEA-6F33A18B1AC0}.Debug|Any CPU.Build.0 = Debug|Any CPU
		{912264E6-DA93-07A8-EBEA-6F33A18B1AC0}.Release|Any CPU.ActiveCfg = Release|Any CPU
		{912264E6-DA93-07A8-EBEA-6F33A18B1AC0}.Release|Any CPU.Build.0 = Release|Any CPU
		{32EF01EF-B13E-B201-F5FC-AC2403A5102C}.Debug|Any CPU.ActiveCfg = Debug|Any CPU
		{32EF01EF-B13E-B201-F5FC-AC2403A5102C}.Debug|Any CPU.Build.0 = Debug|Any CPU
		{32EF01EF-B13E-B201-F5FC-AC2403A5102C}.Release|Any CPU.ActiveCfg = Release|Any CPU
		{32EF01EF-B13E-B201-F5FC-AC2403A5102C}.Release|Any CPU.Build.0 = Release|Any CPU
		{1DCB51B2-7682-6EE6-AEE9-B0E2266DECC4}.Debug|Any CPU.ActiveCfg = Debug|Any CPU
		{1DCB51B2-7682-6EE6-AEE9-B0E2266DECC4}.Debug|Any CPU.Build.0 = Debug|Any CPU
		{1DCB51B2-7682-6EE6-AEE9-B0E2266DECC4}.Release|Any CPU.ActiveCfg = Release|Any CPU
		{1DCB51B2-7682-6EE6-AEE9-B0E2266DECC4}.Release|Any CPU.Build.0 = Release|Any CPU
		{886AE584-2311-D0C4-3503-BCAA30D94E4C}.Debug|Any CPU.ActiveCfg = Debug|Any CPU
		{886AE584-2311-D0C4-3503-BCAA30D94E4C}.Debug|Any CPU.Build.0 = Debug|Any CPU
		{886AE584-2311-D0C4-3503-BCAA30D94E4C}.Release|Any CPU.ActiveCfg = Release|Any CPU
		{886AE584-2311-D0C4-3503-BCAA30D94E4C}.Release|Any CPU.Build.0 = Release|Any CPU
		{6D9890EC-4537-3A15-D5F2-DC98808E631A}.Debug|Any CPU.ActiveCfg = Debug|Any CPU
		{6D9890EC-4537-3A15-D5F2-DC98808E631A}.Debug|Any CPU.Build.0 = Debug|Any CPU
		{6D9890EC-4537-3A15-D5F2-DC98808E631A}.Release|Any CPU.ActiveCfg = Release|Any CPU
		{6D9890EC-4537-3A15-D5F2-DC98808E631A}.Release|Any CPU.Build.0 = Release|Any CPU
		{5BC5FF79-E0B6-FB6D-B6E3-98CA1FDFA194}.Debug|Any CPU.ActiveCfg = Debug|Any CPU
		{5BC5FF79-E0B6-FB6D-B6E3-98CA1FDFA194}.Debug|Any CPU.Build.0 = Debug|Any CPU
		{5BC5FF79-E0B6-FB6D-B6E3-98CA1FDFA194}.Release|Any CPU.ActiveCfg = Release|Any CPU
		{5BC5FF79-E0B6-FB6D-B6E3-98CA1FDFA194}.Release|Any CPU.Build.0 = Release|Any CPU
		{9EAF0F6D-D886-7B23-C9A6-938B394A8082}.Debug|Any CPU.ActiveCfg = Debug|Any CPU
		{9EAF0F6D-D886-7B23-C9A6-938B394A8082}.Debug|Any CPU.Build.0 = Debug|Any CPU
		{9EAF0F6D-D886-7B23-C9A6-938B394A8082}.Release|Any CPU.ActiveCfg = Release|Any CPU
		{9EAF0F6D-D886-7B23-C9A6-938B394A8082}.Release|Any CPU.Build.0 = Release|Any CPU
	EndGlobalSection
	GlobalSection(SolutionProperties) = preSolution
		HideSolutionNode = FALSE
	EndGlobalSection
EndGlobal
